
Microsoft Visual Studio Solution File, Format Version 12.00
# Visual Studio Version 17
VisualStudioVersion = 17.0.32126.317
MinimumVisualStudioVersion = 10.0.40219.1
Project("{F2A71F9B-5D33-465A-A702-920D77279786}") = "FSharpDataProcessingTask", "FSharpDataProcessingTask\FSharpDataProcessingTask.fsproj", "{27C9FA28-0206-4C1B-9949-F9632CD7A167}"
EndProject
Global
	GlobalSection(SolutionConfigurationPlatforms) = preSolution
		Debug|Any CPU = Debug|Any CPU
		Release|Any CPU = Release|Any CPU
	EndGlobalSection
	GlobalSection(ProjectConfigurationPlatforms) = postSolution
		{27C9FA28-0206-4C1B-9949-F9632CD7A167}.Debug|Any CPU.ActiveCfg = Debug|Any CPU
		{27C9FA28-0206-4C1B-9949-F9632CD7A167}.Debug|Any CPU.Build.0 = Debug|Any CPU
		{27C9FA28-0206-4C1B-9949-F9632CD7A167}.Release|Any CPU.ActiveCfg = Release|Any CPU
		{27C9FA28-0206-4C1B-9949-F9632CD7A167}.Release|Any CPU.Build.0 = Release|Any CPU
	EndGlobalSection
	GlobalSection(SolutionProperties) = preSolution
		HideSolutionNode = FALSE
	EndGlobalSection
	GlobalSection(ExtensibilityGlobals) = postSolution
		SolutionGuid = {ED2E6ED0-8930-4282-B846-9408424DD82A}
	EndGlobalSection
EndGlobal
